{
  "version": 4,
  "terraform_version": "1.9.2",
  "serial": 492,
  "lineage": "152d87e2-9b23-6c77-f1fe-b623bd2a3808",
  "outputs": {},
  "resources": [
    {
      "mode": "managed",
      "type": "aws_eip",
      "name": "nat-gateway",
      "provider": "provider[\"registry.terraform.io/hashicorp/aws\"]",
      "instances": [
        {
          "schema_version": 0,
          "attributes": {
            "address": null,
            "allocation_id": "eipalloc-0e787fe8e230c72be",
            "associate_with_private_ip": null,
            "association_id": "",
            "carrier_ip": "",
            "customer_owned_ip": "",
            "customer_owned_ipv4_pool": "",
            "domain": "vpc",
            "id": "eipalloc-0e787fe8e230c72be",
            "instance": "",
            "network_border_group": "us-east-1",
            "network_interface": "",
            "private_dns": null,
            "private_ip": "",
            "public_dns": "ec2-3-232-103-121.compute-1.amazonaws.com",
            "public_ip": "3.232.103.121",
            "public_ipv4_pool": "amazon",
            "tags": null,
            "tags_all": {},
            "timeouts": null,
            "vpc": true
          },
          "sensitive_attributes": [],
          "private": "eyJlMmJmYjczMC1lY2FhLTExZTYtOGY4OC0zNDM2M2JjN2M0YzAiOnsiZGVsZXRlIjoxODAwMDAwMDAwMDAsInJlYWQiOjkwMDAwMDAwMDAwMCwidXBkYXRlIjozMDAwMDAwMDAwMDB9fQ=="
        }
      ]
    },
    {
      "mode": "managed",
      "type": "aws_instance",
      "name": "Jenkins_server",
      "provider": "provider[\"registry.terraform.io/hashicorp/aws\"]",
      "instances": [
        {
          "schema_version": 1,
          "attributes": {
            "ami": "ami-04a81a99f5ec58529",
            "arn": "arn:aws:ec2:us-east-1:643361761323:instance/i-0edb6de4789d452d9",
            "associate_public_ip_address": false,
            "availability_zone": "us-east-1d",
            "capacity_reservation_specification": [
              {
                "capacity_reservation_preference": "open",
                "capacity_reservation_target": []
              }
            ],
            "cpu_core_count": 1,
            "cpu_options": [
              {
                "amd_sev_snp": "",
                "core_count": 1,
                "threads_per_core": 1
              }
            ],
            "cpu_threads_per_core": 1,
            "credit_specification": [
              {
                "cpu_credits": "standard"
              }
            ],
            "disable_api_stop": false,
            "disable_api_termination": false,
            "ebs_block_device": [],
            "ebs_optimized": false,
            "enclave_options": [
              {
                "enabled": false
              }
            ],
            "ephemeral_block_device": [],
            "get_password_data": false,
            "hibernation": false,
            "host_id": "",
            "host_resource_group_arn": null,
            "iam_instance_profile": "",
            "id": "i-0edb6de4789d452d9",
            "instance_initiated_shutdown_behavior": "stop",
            "instance_state": "running",
            "instance_type": "t2.micro",
            "ipv6_address_count": 0,
            "ipv6_addresses": [],
            "key_name": "key01",
            "launch_template": [],
            "maintenance_options": [
              {
                "auto_recovery": "default"
              }
            ],
            "metadata_options": [
              {
                "http_endpoint": "enabled",
                "http_put_response_hop_limit": 2,
                "http_tokens": "required",
                "instance_metadata_tags": "disabled"
              }
            ],
            "monitoring": false,
            "network_interface": [],
            "outpost_arn": "",
            "password_data": "",
            "placement_group": "",
            "placement_partition_number": 0,
            "primary_network_interface_id": "eni-0f1550d8ce6313793",
            "private_dns": "ip-192-168-10-106.ec2.internal",
            "private_dns_name_options": [
              {
                "enable_resource_name_dns_a_record": false,
                "enable_resource_name_dns_aaaa_record": false,
                "hostname_type": "ip-name"
              }
            ],
            "private_ip": "192.168.10.106",
            "public_dns": "",
            "public_ip": "",
            "root_block_device": [
              {
                "delete_on_termination": true,
                "device_name": "/dev/sda1",
                "encrypted": false,
                "iops": 3000,
                "kms_key_id": "",
                "tags": {},
                "throughput": 125,
                "volume_id": "vol-0fc11fb06785ef277",
                "volume_size": 8,
                "volume_type": "gp3"
              }
            ],
            "secondary_private_ips": [],
            "security_groups": [
              "sg-0160e769c50819933"
            ],
            "source_dest_check": true,
            "subnet_id": "subnet-0dff735e1490361b4",
            "tags": {
              "Name": "Jenkins-Server"
            },
            "tags_all": {
              "Name": "Jenkins-Server"
            },
            "tenancy": "default",
            "timeouts": null,
            "user_data": "096e7f20aadb547c37ed91d683b875c796fd8134",
            "user_data_base64": null,
            "user_data_replace_on_change": false,
            "volume_tags": null,
            "vpc_security_group_ids": [
              "sg-0160e769c50819933"
            ]
          },
          "sensitive_attributes": [],
          "private": "eyJlMmJmYjczMC1lY2FhLTExZTYtOGY4OC0zNDM2M2JjN2M0YzAiOnsiY3JlYXRlIjo2MDAwMDAwMDAwMDAsImRlbGV0ZSI6MTIwMDAwMDAwMDAwMCwidXBkYXRlIjo2MDAwMDAwMDAwMDB9LCJzY2hlbWFfdmVyc2lvbiI6IjEifQ==",
          "dependencies": [
            "aws_security_group.private-ssh-security-group",
            "aws_subnet.private-subnet-2",
            "aws_vpc.vpc"
          ]
        }
      ]
    },
    {
      "mode": "managed",
      "type": "aws_instance",
      "name": "app_server",
      "provider": "provider[\"registry.terraform.io/hashicorp/aws\"]",
      "instances": [
        {
          "schema_version": 1,
          "attributes": {
            "ami": "ami-0583d8c7a9c35822c",
            "arn": "arn:aws:ec2:us-east-1:643361761323:instance/i-0231116832a5aaeb6",
            "associate_public_ip_address": true,
            "availability_zone": "us-east-1a",
            "capacity_reservation_specification": [
              {
                "capacity_reservation_preference": "open",
                "capacity_reservation_target": []
              }
            ],
            "cpu_core_count": 1,
            "cpu_options": [
              {
                "amd_sev_snp": "",
                "core_count": 1,
                "threads_per_core": 1
              }
            ],
            "cpu_threads_per_core": 1,
            "credit_specification": [
              {
                "cpu_credits": "standard"
              }
            ],
            "disable_api_stop": false,
            "disable_api_termination": false,
            "ebs_block_device": [],
            "ebs_optimized": false,
            "enclave_options": [
              {
                "enabled": false
              }
            ],
            "ephemeral_block_device": [],
            "get_password_data": false,
            "hibernation": false,
            "host_id": "",
            "host_resource_group_arn": null,
            "iam_instance_profile": "",
            "id": "i-0231116832a5aaeb6",
            "instance_initiated_shutdown_behavior": "stop",
            "instance_state": "running",
            "instance_type": "t2.micro",
            "ipv6_address_count": 0,
            "ipv6_addresses": [],
            "key_name": "key01",
            "launch_template": [],
            "maintenance_options": [
              {
                "auto_recovery": "default"
              }
            ],
            "metadata_options": [
              {
                "http_endpoint": "enabled",
                "http_put_response_hop_limit": 1,
                "http_tokens": "optional",
                "instance_metadata_tags": "disabled"
              }
            ],
            "monitoring": false,
            "network_interface": [],
            "outpost_arn": "",
            "password_data": "",
            "placement_group": "",
            "placement_partition_number": 0,
            "primary_network_interface_id": "eni-0ebc88e932fbfff71",
            "private_dns": "ip-192-168-10-56.ec2.internal",
            "private_dns_name_options": [
              {
                "enable_resource_name_dns_a_record": false,
                "enable_resource_name_dns_aaaa_record": false,
                "hostname_type": "ip-name"
              }
            ],
            "private_ip": "192.168.10.56",
            "public_dns": "ec2-98-81-77-182.compute-1.amazonaws.com",
            "public_ip": "98.81.77.182",
            "root_block_device": [
              {
                "delete_on_termination": true,
                "device_name": "/dev/sda1",
                "encrypted": false,
                "iops": 3000,
                "kms_key_id": "",
                "tags": {},
                "throughput": 125,
                "volume_id": "vol-0b13612ba1569c0c6",
                "volume_size": 10,
                "volume_type": "gp3"
              }
            ],
            "secondary_private_ips": [],
            "security_groups": [
              "sg-0289d2abeeff12261",
              "sg-03a69c5b9ae808ca2"
            ],
            "source_dest_check": true,
            "subnet_id": "subnet-052f6b1f8a85abba0",
            "tags": {
              "Name": "App Server"
            },
            "tags_all": {
              "Name": "App Server"
            },
            "tenancy": "default",
            "timeouts": null,
            "user_data": "cfbacb0a55a7c66ff65c20352bd55efcfb426eb7",
            "user_data_base64": null,
            "user_data_replace_on_change": false,
            "volume_tags": null,
            "vpc_security_group_ids": [
              "sg-0289d2abeeff12261",
              "sg-03a69c5b9ae808ca2"
            ]
          },
          "sensitive_attributes": [],
          "private": "eyJlMmJmYjczMC1lY2FhLTExZTYtOGY4OC0zNDM2M2JjN2M0YzAiOnsiY3JlYXRlIjo2MDAwMDAwMDAwMDAsImRlbGV0ZSI6MTIwMDAwMDAwMDAwMCwidXBkYXRlIjo2MDAwMDAwMDAwMDB9LCJzY2hlbWFfdmVyc2lvbiI6IjEifQ==",
          "dependencies": [
            "aws_security_group.ssh-security-group",
            "aws_security_group.webserver-security-group",
            "aws_subnet.public-subnet-1",
            "aws_vpc.vpc"
          ]
        }
      ]
    },
    {
      "mode": "managed",
      "type": "aws_instance",
      "name": "db_server",
      "provider": "provider[\"registry.terraform.io/hashicorp/aws\"]",
      "instances": [
        {
          "schema_version": 1,
          "attributes": {
            "ami": "ami-0583d8c7a9c35822c",
            "arn": "arn:aws:ec2:us-east-1:643361761323:instance/i-0389e02e6b776d37c",
            "associate_public_ip_address": false,
            "availability_zone": "us-east-1d",
            "capacity_reservation_specification": [
              {
                "capacity_reservation_preference": "open",
                "capacity_reservation_target": []
              }
            ],
            "cpu_core_count": 1,
            "cpu_options": [
              {
                "amd_sev_snp": "",
                "core_count": 1,
                "threads_per_core": 1
              }
            ],
            "cpu_threads_per_core": 1,
            "credit_specification": [
              {
                "cpu_credits": "standard"
              }
            ],
            "disable_api_stop": false,
            "disable_api_termination": false,
            "ebs_block_device": [],
            "ebs_optimized": false,
            "enclave_options": [
              {
                "enabled": false
              }
            ],
            "ephemeral_block_device": [],
            "get_password_data": false,
            "hibernation": false,
            "host_id": "",
            "host_resource_group_arn": null,
            "iam_instance_profile": "",
            "id": "i-0389e02e6b776d37c",
            "instance_initiated_shutdown_behavior": "stop",
            "instance_state": "running",
            "instance_type": "t2.micro",
            "ipv6_address_count": 0,
            "ipv6_addresses": [],
            "key_name": "key01",
            "launch_template": [],
            "maintenance_options": [
              {
                "auto_recovery": "default"
              }
            ],
            "metadata_options": [
              {
                "http_endpoint": "enabled",
                "http_put_response_hop_limit": 1,
                "http_tokens": "optional",
                "instance_metadata_tags": "disabled"
              }
            ],
            "monitoring": false,
            "network_interface": [],
            "outpost_arn": "",
            "password_data": "",
            "placement_group": "",
            "placement_partition_number": 0,
            "primary_network_interface_id": "eni-0a5c5739c217582d1",
            "private_dns": "ip-192-168-10-126.ec2.internal",
            "private_dns_name_options": [
              {
                "enable_resource_name_dns_a_record": false,
                "enable_resource_name_dns_aaaa_record": false,
                "hostname_type": "ip-name"
              }
            ],
            "private_ip": "192.168.10.126",
            "public_dns": "",
            "public_ip": "",
            "root_block_device": [
              {
                "delete_on_termination": true,
                "device_name": "/dev/sda1",
                "encrypted": false,
                "iops": 3000,
                "kms_key_id": "",
                "tags": {},
                "throughput": 125,
                "volume_id": "vol-05cd45acbc753b376",
                "volume_size": 10,
                "volume_type": "gp3"
              }
            ],
            "secondary_private_ips": [],
            "security_groups": [
              "sg-0160e769c50819933"
            ],
            "source_dest_check": true,
            "subnet_id": "subnet-0dff735e1490361b4",
            "tags": {
              "Name": "db_server"
            },
            "tags_all": {
              "Name": "db_server"
            },
            "tenancy": "default",
            "timeouts": null,
            "user_data": "cfbacb0a55a7c66ff65c20352bd55efcfb426eb7",
            "user_data_base64": null,
            "user_data_replace_on_change": false,
            "volume_tags": null,
            "vpc_security_group_ids": [
              "sg-0160e769c50819933"
            ]
          },
          "sensitive_attributes": [],
          "private": "eyJlMmJmYjczMC1lY2FhLTExZTYtOGY4OC0zNDM2M2JjN2M0YzAiOnsiY3JlYXRlIjo2MDAwMDAwMDAwMDAsImRlbGV0ZSI6MTIwMDAwMDAwMDAwMCwidXBkYXRlIjo2MDAwMDAwMDAwMDB9LCJzY2hlbWFfdmVyc2lvbiI6IjEifQ==",
          "dependencies": [
            "aws_security_group.private-ssh-security-group",
            "aws_subnet.private-subnet-2",
            "aws_vpc.vpc"
          ]
        }
      ]
    },
    {
      "mode": "managed",
      "type": "aws_instance",
      "name": "ec2_private1",
      "provider": "provider[\"registry.terraform.io/hashicorp/aws\"]",
      "instances": [
        {
          "schema_version": 1,
          "attributes": {
            "ami": "ami-0583d8c7a9c35822c",
            "arn": "arn:aws:ec2:us-east-1:643361761323:instance/i-00bd44003c3be3a99",
            "associate_public_ip_address": false,
            "availability_zone": "us-east-1a",
            "capacity_reservation_specification": [
              {
                "capacity_reservation_preference": "open",
                "capacity_reservation_target": []
              }
            ],
            "cpu_core_count": 1,
            "cpu_options": [
              {
                "amd_sev_snp": "",
                "core_count": 1,
                "threads_per_core": 1
              }
            ],
            "cpu_threads_per_core": 1,
            "credit_specification": [
              {
                "cpu_credits": "standard"
              }
            ],
            "disable_api_stop": false,
            "disable_api_termination": false,
            "ebs_block_device": [],
            "ebs_optimized": false,
            "enclave_options": [
              {
                "enabled": false
              }
            ],
            "ephemeral_block_device": [],
            "get_password_data": false,
            "hibernation": false,
            "host_id": "",
            "host_resource_group_arn": null,
            "iam_instance_profile": "",
            "id": "i-00bd44003c3be3a99",
            "instance_initiated_shutdown_behavior": "stop",
            "instance_state": "running",
            "instance_type": "t2.micro",
            "ipv6_address_count": 0,
            "ipv6_addresses": [],
            "key_name": "key01",
            "launch_template": [],
            "maintenance_options": [
              {
                "auto_recovery": "default"
              }
            ],
            "metadata_options": [
              {
                "http_endpoint": "enabled",
                "http_put_response_hop_limit": 1,
                "http_tokens": "optional",
                "instance_metadata_tags": "disabled"
              }
            ],
            "monitoring": false,
            "network_interface": [],
            "outpost_arn": "",
            "password_data": "",
            "placement_group": "",
            "placement_partition_number": 0,
            "primary_network_interface_id": "eni-064e5499b8e373f59",
            "private_dns": "ip-192-168-10-76.ec2.internal",
            "private_dns_name_options": [
              {
                "enable_resource_name_dns_a_record": false,
                "enable_resource_name_dns_aaaa_record": false,
                "hostname_type": "ip-name"
              }
            ],
            "private_ip": "192.168.10.76",
            "public_dns": "",
            "public_ip": "",
            "root_block_device": [
              {
                "delete_on_termination": true,
                "device_name": "/dev/sda1",
                "encrypted": false,
                "iops": 3000,
                "kms_key_id": "",
                "tags": {},
                "throughput": 125,
                "volume_id": "vol-0696e32ab3f83b5cb",
                "volume_size": 10,
                "volume_type": "gp3"
              }
            ],
            "secondary_private_ips": [],
            "security_groups": [
              "sg-0160e769c50819933"
            ],
            "source_dest_check": true,
            "subnet_id": "subnet-08f9ce3e33d96148c",
            "tags": {
              "Name": "Docker-Server"
            },
            "tags_all": {
              "Name": "Docker-Server"
            },
            "tenancy": "default",
            "timeouts": null,
            "user_data": "77487c49460527e106504078ed16354fa2c17510",
            "user_data_base64": null,
            "user_data_replace_on_change": false,
            "volume_tags": null,
            "vpc_security_group_ids": [
              "sg-0160e769c50819933"
            ]
          },
          "sensitive_attributes": [],
          "private": "eyJlMmJmYjczMC1lY2FhLTExZTYtOGY4OC0zNDM2M2JjN2M0YzAiOnsiY3JlYXRlIjo2MDAwMDAwMDAwMDAsImRlbGV0ZSI6MTIwMDAwMDAwMDAwMCwidXBkYXRlIjo2MDAwMDAwMDAwMDB9LCJzY2hlbWFfdmVyc2lvbiI6IjEifQ==",
          "dependencies": [
            "aws_security_group.private-ssh-security-group",
            "aws_subnet.private-subnet-1",
            "aws_vpc.vpc"
          ]
        }
      ]
    },
    {
      "mode": "managed",
      "type": "aws_instance",
      "name": "ec2_private2",
      "provider": "provider[\"registry.terraform.io/hashicorp/aws\"]",
      "instances": [
        {
          "schema_version": 1,
          "attributes": {
            "ami": "ami-0583d8c7a9c35822c",
            "arn": "arn:aws:ec2:us-east-1:643361761323:instance/i-01b03669f8d4d127b",
            "associate_public_ip_address": false,
            "availability_zone": "us-east-1d",
            "capacity_reservation_specification": [
              {
                "capacity_reservation_preference": "open",
                "capacity_reservation_target": []
              }
            ],
            "cpu_core_count": 1,
            "cpu_options": [
              {
                "amd_sev_snp": "",
                "core_count": 1,
                "threads_per_core": 1
              }
            ],
            "cpu_threads_per_core": 1,
            "credit_specification": [
              {
                "cpu_credits": "standard"
              }
            ],
            "disable_api_stop": false,
            "disable_api_termination": false,
            "ebs_block_device": [],
            "ebs_optimized": false,
            "enclave_options": [
              {
                "enabled": false
              }
            ],
            "ephemeral_block_device": [],
            "get_password_data": false,
            "hibernation": false,
            "host_id": "",
            "host_resource_group_arn": null,
            "iam_instance_profile": "",
            "id": "i-01b03669f8d4d127b",
            "instance_initiated_shutdown_behavior": "stop",
            "instance_state": "running",
            "instance_type": "t2.micro",
            "ipv6_address_count": 0,
            "ipv6_addresses": [],
            "key_name": "key01",
            "launch_template": [],
            "maintenance_options": [
              {
                "auto_recovery": "default"
              }
            ],
            "metadata_options": [
              {
                "http_endpoint": "enabled",
                "http_put_response_hop_limit": 1,
                "http_tokens": "optional",
                "instance_metadata_tags": "disabled"
              }
            ],
            "monitoring": false,
            "network_interface": [],
            "outpost_arn": "",
            "password_data": "",
            "placement_group": "",
            "placement_partition_number": 0,
            "primary_network_interface_id": "eni-0e9523be05e4c8a73",
            "private_dns": "ip-192-168-10-120.ec2.internal",
            "private_dns_name_options": [
              {
                "enable_resource_name_dns_a_record": false,
                "enable_resource_name_dns_aaaa_record": false,
                "hostname_type": "ip-name"
              }
            ],
            "private_ip": "192.168.10.120",
            "public_dns": "",
            "public_ip": "",
            "root_block_device": [
              {
                "delete_on_termination": true,
                "device_name": "/dev/sda1",
                "encrypted": false,
                "iops": 3000,
                "kms_key_id": "",
                "tags": {},
                "throughput": 125,
                "volume_id": "vol-04a26ecd3a322f9ad",
                "volume_size": 10,
                "volume_type": "gp3"
              }
            ],
            "secondary_private_ips": [],
            "security_groups": [
              "sg-0160e769c50819933"
            ],
            "source_dest_check": true,
            "subnet_id": "subnet-0dff735e1490361b4",
            "tags": {
              "Name": "Kubernetes-Server"
            },
            "tags_all": {
              "Name": "Kubernetes-Server"
            },
            "tenancy": "default",
            "timeouts": null,
            "user_data": "cfbacb0a55a7c66ff65c20352bd55efcfb426eb7",
            "user_data_base64": null,
            "user_data_replace_on_change": false,
            "volume_tags": null,
            "vpc_security_group_ids": [
              "sg-0160e769c50819933"
            ]
          },
          "sensitive_attributes": [],
          "private": "eyJlMmJmYjczMC1lY2FhLTExZTYtOGY4OC0zNDM2M2JjN2M0YzAiOnsiY3JlYXRlIjo2MDAwMDAwMDAwMDAsImRlbGV0ZSI6MTIwMDAwMDAwMDAwMCwidXBkYXRlIjo2MDAwMDAwMDAwMDB9LCJzY2hlbWFfdmVyc2lvbiI6IjEifQ==",
          "dependencies": [
            "aws_security_group.private-ssh-security-group",
            "aws_subnet.private-subnet-2",
            "aws_vpc.vpc"
          ]
        }
      ]
    },
    {
      "mode": "managed",
      "type": "aws_instance",
      "name": "ec2_public1",
      "provider": "provider[\"registry.terraform.io/hashicorp/aws\"]",
      "instances": [
        {
          "schema_version": 1,
          "attributes": {
            "ami": "ami-0583d8c7a9c35822c",
            "arn": "arn:aws:ec2:us-east-1:643361761323:instance/i-0e9c7210e665809df",
            "associate_public_ip_address": true,
            "availability_zone": "us-east-1a",
            "capacity_reservation_specification": [
              {
                "capacity_reservation_preference": "open",
                "capacity_reservation_target": []
              }
            ],
            "cpu_core_count": 1,
            "cpu_options": [
              {
                "amd_sev_snp": "",
                "core_count": 1,
                "threads_per_core": 1
              }
            ],
            "cpu_threads_per_core": 1,
            "credit_specification": [
              {
                "cpu_credits": "standard"
              }
            ],
            "disable_api_stop": false,
            "disable_api_termination": false,
            "ebs_block_device": [],
            "ebs_optimized": false,
            "enclave_options": [
              {
                "enabled": false
              }
            ],
            "ephemeral_block_device": [],
            "get_password_data": false,
            "hibernation": false,
            "host_id": "",
            "host_resource_group_arn": null,
            "iam_instance_profile": "",
            "id": "i-0e9c7210e665809df",
            "instance_initiated_shutdown_behavior": "stop",
            "instance_state": "running",
            "instance_type": "t2.micro",
            "ipv6_address_count": 0,
            "ipv6_addresses": [],
            "key_name": "key01",
            "launch_template": [],
            "maintenance_options": [
              {
                "auto_recovery": "default"
              }
            ],
            "metadata_options": [
              {
                "http_endpoint": "enabled",
                "http_put_response_hop_limit": 1,
                "http_tokens": "optional",
                "instance_metadata_tags": "disabled"
              }
            ],
            "monitoring": false,
            "network_interface": [],
            "outpost_arn": "",
            "password_data": "",
            "placement_group": "",
            "placement_partition_number": 0,
            "primary_network_interface_id": "eni-0361b55c4aa414217",
            "private_dns": "ip-192-168-10-44.ec2.internal",
            "private_dns_name_options": [
              {
                "enable_resource_name_dns_a_record": false,
                "enable_resource_name_dns_aaaa_record": false,
                "hostname_type": "ip-name"
              }
            ],
            "private_ip": "192.168.10.44",
            "public_dns": "ec2-54-227-114-71.compute-1.amazonaws.com",
            "public_ip": "54.227.114.71",
            "root_block_device": [
              {
                "delete_on_termination": true,
                "device_name": "/dev/sda1",
                "encrypted": false,
                "iops": 3000,
                "kms_key_id": "",
                "tags": {},
                "throughput": 125,
                "volume_id": "vol-090e53aecd405d362",
                "volume_size": 10,
                "volume_type": "gp3"
              }
            ],
            "secondary_private_ips": [],
            "security_groups": [
              "sg-0289d2abeeff12261",
              "sg-03a69c5b9ae808ca2"
            ],
            "source_dest_check": true,
            "subnet_id": "subnet-052f6b1f8a85abba0",
            "tags": {
              "Name": "webserver-1a"
            },
            "tags_all": {
              "Name": "webserver-1a"
            },
            "tenancy": "default",
            "timeouts": null,
            "user_data": "59a728c605fb93cd0c240fd058f0fe6226682a01",
            "user_data_base64": null,
            "user_data_replace_on_change": false,
            "volume_tags": null,
            "vpc_security_group_ids": [
              "sg-0289d2abeeff12261",
              "sg-03a69c5b9ae808ca2"
            ]
          },
          "sensitive_attributes": [],
          "private": "eyJlMmJmYjczMC1lY2FhLTExZTYtOGY4OC0zNDM2M2JjN2M0YzAiOnsiY3JlYXRlIjo2MDAwMDAwMDAwMDAsImRlbGV0ZSI6MTIwMDAwMDAwMDAwMCwidXBkYXRlIjo2MDAwMDAwMDAwMDB9LCJzY2hlbWFfdmVyc2lvbiI6IjEifQ==",
          "dependencies": [
            "aws_security_group.ssh-security-group",
            "aws_security_group.webserver-security-group",
            "aws_subnet.public-subnet-1",
            "aws_vpc.vpc"
          ]
        }
      ]
    },
    {
      "mode": "managed",
      "type": "aws_instance",
      "name": "ec2_public2",
      "provider": "provider[\"registry.terraform.io/hashicorp/aws\"]",
      "instances": [
        {
          "schema_version": 1,
          "attributes": {
            "ami": "ami-0583d8c7a9c35822c",
            "arn": "arn:aws:ec2:us-east-1:643361761323:instance/i-00bf21955bf162d15",
            "associate_public_ip_address": true,
            "availability_zone": "us-east-1d",
            "capacity_reservation_specification": [
              {
                "capacity_reservation_preference": "open",
                "capacity_reservation_target": []
              }
            ],
            "cpu_core_count": 1,
            "cpu_options": [
              {
                "amd_sev_snp": "",
                "core_count": 1,
                "threads_per_core": 1
              }
            ],
            "cpu_threads_per_core": 1,
            "credit_specification": [
              {
                "cpu_credits": "standard"
              }
            ],
            "disable_api_stop": false,
            "disable_api_termination": false,
            "ebs_block_device": [],
            "ebs_optimized": false,
            "enclave_options": [
              {
                "enabled": false
              }
            ],
            "ephemeral_block_device": [],
            "get_password_data": false,
            "hibernation": false,
            "host_id": "",
            "host_resource_group_arn": null,
            "iam_instance_profile": "",
            "id": "i-00bf21955bf162d15",
            "instance_initiated_shutdown_behavior": "stop",
            "instance_state": "running",
            "instance_type": "t2.micro",
            "ipv6_address_count": 0,
            "ipv6_addresses": [],
            "key_name": "key01",
            "launch_template": [],
            "maintenance_options": [
              {
                "auto_recovery": "default"
              }
            ],
            "metadata_options": [
              {
                "http_endpoint": "enabled",
                "http_put_response_hop_limit": 1,
                "http_tokens": "optional",
                "instance_metadata_tags": "disabled"
              }
            ],
            "monitoring": false,
            "network_interface": [],
            "outpost_arn": "",
            "password_data": "",
            "placement_group": "",
            "placement_partition_number": 0,
            "primary_network_interface_id": "eni-04ec0de67d170391a",
            "private_dns": "ip-192-168-10-134.ec2.internal",
            "private_dns_name_options": [
              {
                "enable_resource_name_dns_a_record": false,
                "enable_resource_name_dns_aaaa_record": false,
                "hostname_type": "ip-name"
              }
            ],
            "private_ip": "192.168.10.134",
            "public_dns": "ec2-44-211-202-36.compute-1.amazonaws.com",
            "public_ip": "44.211.202.36",
            "root_block_device": [
              {
                "delete_on_termination": true,
                "device_name": "/dev/sda1",
                "encrypted": false,
                "iops": 3000,
                "kms_key_id": "",
                "tags": {},
                "throughput": 125,
                "volume_id": "vol-0a7916258c3456755",
                "volume_size": 10,
                "volume_type": "gp3"
              }
            ],
            "secondary_private_ips": [],
            "security_groups": [
              "sg-0289d2abeeff12261",
              "sg-03a69c5b9ae808ca2"
            ],
            "source_dest_check": true,
            "subnet_id": "subnet-0d560220e196d10d5",
            "tags": {
              "Name": "webserver-1d"
            },
            "tags_all": {
              "Name": "webserver-1d"
            },
            "tenancy": "default",
            "timeouts": null,
            "user_data": "59a728c605fb93cd0c240fd058f0fe6226682a01",
            "user_data_base64": null,
            "user_data_replace_on_change": false,
            "volume_tags": null,
            "vpc_security_group_ids": [
              "sg-0289d2abeeff12261",
              "sg-03a69c5b9ae808ca2"
            ]
          },
          "sensitive_attributes": [],
          "private": "eyJlMmJmYjczMC1lY2FhLTExZTYtOGY4OC0zNDM2M2JjN2M0YzAiOnsiY3JlYXRlIjo2MDAwMDAwMDAwMDAsImRlbGV0ZSI6MTIwMDAwMDAwMDAwMCwidXBkYXRlIjo2MDAwMDAwMDAwMDB9LCJzY2hlbWFfdmVyc2lvbiI6IjEifQ==",
          "dependencies": [
            "aws_security_group.ssh-security-group",
            "aws_security_group.webserver-security-group",
            "aws_subnet.public-subnet-2",
            "aws_vpc.vpc"
          ]
        }
      ]
    },
    {
      "mode": "managed",
      "type": "aws_internet_gateway",
      "name": "internet-gateway",
      "provider": "provider[\"registry.terraform.io/hashicorp/aws\"]",
      "instances": [
        {
          "schema_version": 0,
          "attributes": {
            "arn": "arn:aws:ec2:us-east-1:643361761323:internet-gateway/igw-0be0bed2225aba1c0",
            "id": "igw-0be0bed2225aba1c0",
            "owner_id": "643361761323",
            "tags": {
              "Name": "igw-01"
            },
            "tags_all": {
              "Name": "igw-01"
            },
            "timeouts": null,
            "vpc_id": "vpc-06c1e85a2099d9892"
          },
          "sensitive_attributes": [],
          "private": "eyJlMmJmYjczMC1lY2FhLTExZTYtOGY4OC0zNDM2M2JjN2M0YzAiOnsiY3JlYXRlIjoxMjAwMDAwMDAwMDAwLCJkZWxldGUiOjEyMDAwMDAwMDAwMDAsInVwZGF0ZSI6MTIwMDAwMDAwMDAwMH19",
          "dependencies": [
            "aws_vpc.vpc"
          ]
        }
      ]
    },
    {
      "mode": "managed",
      "type": "aws_key_pair",
      "name": "key_pair",
      "provider": "provider[\"registry.terraform.io/hashicorp/aws\"]",
      "instances": [
        {
          "schema_version": 1,
          "attributes": {
            "arn": "arn:aws:ec2:us-east-1:643361761323:key-pair/key01",
            "fingerprint": "d6:bf:70:05:a1:c4:29:4d:0f:08:7a:82:53:61:ed:7a",
            "id": "key01",
            "key_name": "key01",
            "key_name_prefix": "",
            "key_pair_id": "key-06d119dcda84e7cc9",
            "key_type": "rsa",
            "public_key": "ssh-rsa AAAAB3NzaC1yc2EAAAADAQABAAABAQCrX4g52celVRaVJL9mLBb7a2D6PfwgyiEbDsFCmvAHAEzM59ih42/AkzkPieML/jHWK2HWfXhITwgBhDE0QpiOKGHHFXfyLtEx9qEhftshU2DM5700WPEsCp+keVovBf9txeWjw2vcuJdbCPefTx/o4cMySa2tDcB/M5nyZr0DXTv2XuhW5sKJHaQIns5PJNuR/mO9+7jkcj1SiudwKdWFYyKShkuKoqspCGQuTyDjnlUZhGejPl0E0bPRwGFITtcQnkte/x1GmY19lNMgwIvsckY51ZqZ+E7RsG6XL23Jt6vhf2m9DMq/uvjNb26YdXir+VImmKyvSbdY56ZU4aWP",
            "tags": null,
            "tags_all": {}
          },
          "sensitive_attributes": [],
          "private": "eyJzY2hlbWFfdmVyc2lvbiI6IjEifQ==",
          "dependencies": [
            "tls_private_key.key"
          ]
        }
      ]
    },
    {
      "mode": "managed",
      "type": "aws_nat_gateway",
      "name": "nat-gateway",
      "provider": "provider[\"registry.terraform.io/hashicorp/aws\"]",
      "instances": [
        {
          "schema_version": 0,
          "attributes": {
            "allocation_id": "eipalloc-0e787fe8e230c72be",
            "association_id": "eipassoc-07841d9867504e952",
            "connectivity_type": "public",
            "id": "nat-06bcb619554e88398",
            "network_interface_id": "eni-089bafea72506b136",
            "private_ip": "192.168.10.34",
            "public_ip": "3.232.103.121",
            "subnet_id": "subnet-052f6b1f8a85abba0",
            "tags": {
              "Name": "natgw-01"
            },
            "tags_all": {
              "Name": "natgw-01"
            }
          },
          "sensitive_attributes": [],
          "private": "bnVsbA==",
          "dependencies": [
            "aws_eip.nat-gateway",
            "aws_internet_gateway.internet-gateway",
            "aws_subnet.public-subnet-1",
            "aws_vpc.vpc"
          ]
        }
      ]
    },
    {
      "mode": "managed",
      "type": "aws_route_table",
      "name": "private-route-table",
      "provider": "provider[\"registry.terraform.io/hashicorp/aws\"]",
      "instances": [
        {
          "schema_version": 0,
          "attributes": {
            "arn": "arn:aws:ec2:us-east-1:643361761323:route-table/rtb-019e2073ca9948382",
            "id": "rtb-019e2073ca9948382",
            "owner_id": "643361761323",
            "propagating_vgws": [],
            "route": [
              {
                "carrier_gateway_id": "",
                "cidr_block": "0.0.0.0/0",
                "core_network_arn": "",
                "destination_prefix_list_id": "",
                "egress_only_gateway_id": "",
                "gateway_id": "nat-06bcb619554e88398",
                "instance_id": "",
                "ipv6_cidr_block": "",
                "local_gateway_id": "",
                "nat_gateway_id": "",
                "network_interface_id": "",
                "transit_gateway_id": "",
                "vpc_endpoint_id": "",
                "vpc_peering_connection_id": ""
              }
            ],
            "tags": {
              "Name": "Private Route Table"
            },
            "tags_all": {
              "Name": "Private Route Table"
            },
            "timeouts": null,
            "vpc_id": "vpc-06c1e85a2099d9892"
          },
          "sensitive_attributes": [],
          "private": "eyJlMmJmYjczMC1lY2FhLTExZTYtOGY4OC0zNDM2M2JjN2M0YzAiOnsiY3JlYXRlIjozMDAwMDAwMDAwMDAsImRlbGV0ZSI6MzAwMDAwMDAwMDAwLCJ1cGRhdGUiOjEyMDAwMDAwMDAwMH19",
          "dependencies": [
            "aws_eip.nat-gateway",
            "aws_internet_gateway.internet-gateway",
            "aws_nat_gateway.nat-gateway",
            "aws_subnet.public-subnet-1",
            "aws_vpc.vpc"
          ]
        }
      ]
    },
    {
      "mode": "managed",
      "type": "aws_route_table",
      "name": "public-route-table",
      "provider": "provider[\"registry.terraform.io/hashicorp/aws\"]",
      "instances": [
        {
          "schema_version": 0,
          "attributes": {
            "arn": "arn:aws:ec2:us-east-1:643361761323:route-table/rtb-055ae9ab577fd96d7",
            "id": "rtb-055ae9ab577fd96d7",
            "owner_id": "643361761323",
            "propagating_vgws": [],
            "route": [
              {
                "carrier_gateway_id": "",
                "cidr_block": "0.0.0.0/0",
                "core_network_arn": "",
                "destination_prefix_list_id": "",
                "egress_only_gateway_id": "",
                "gateway_id": "igw-0be0bed2225aba1c0",
                "instance_id": "",
                "ipv6_cidr_block": "",
                "local_gateway_id": "",
                "nat_gateway_id": "",
                "network_interface_id": "",
                "transit_gateway_id": "",
                "vpc_endpoint_id": "",
                "vpc_peering_connection_id": ""
              }
            ],
            "tags": {
              "Name": "Public Route Table"
            },
            "tags_all": {
              "Name": "Public Route Table"
            },
            "timeouts": null,
            "vpc_id": "vpc-06c1e85a2099d9892"
          },
          "sensitive_attributes": [],
          "private": "eyJlMmJmYjczMC1lY2FhLTExZTYtOGY4OC0zNDM2M2JjN2M0YzAiOnsiY3JlYXRlIjozMDAwMDAwMDAwMDAsImRlbGV0ZSI6MzAwMDAwMDAwMDAwLCJ1cGRhdGUiOjEyMDAwMDAwMDAwMH19",
          "dependencies": [
            "aws_internet_gateway.internet-gateway",
            "aws_vpc.vpc"
          ]
        }
      ]
    },
    {
      "mode": "managed",
      "type": "aws_route_table_association",
      "name": "private-subnet-route-table-association1",
      "provider": "provider[\"registry.terraform.io/hashicorp/aws\"]",
      "instances": [
        {
          "schema_version": 0,
          "attributes": {
            "gateway_id": "",
            "id": "rtbassoc-0c941a3feb7c9dd31",
            "route_table_id": "rtb-019e2073ca9948382",
            "subnet_id": "subnet-08f9ce3e33d96148c",
            "timeouts": null
          },
          "sensitive_attributes": [],
          "private": "eyJlMmJmYjczMC1lY2FhLTExZTYtOGY4OC0zNDM2M2JjN2M0YzAiOnsiY3JlYXRlIjozMDAwMDAwMDAwMDAsImRlbGV0ZSI6MzAwMDAwMDAwMDAwLCJ1cGRhdGUiOjEyMDAwMDAwMDAwMH19",
          "dependencies": [
            "aws_eip.nat-gateway",
            "aws_internet_gateway.internet-gateway",
            "aws_nat_gateway.nat-gateway",
            "aws_route_table.private-route-table",
            "aws_subnet.private-subnet-1",
            "aws_subnet.public-subnet-1",
            "aws_vpc.vpc"
          ]
        }
      ]
    },
    {
      "mode": "managed",
      "type": "aws_route_table_association",
      "name": "private-subnet-route-table-association2",
      "provider": "provider[\"registry.terraform.io/hashicorp/aws\"]",
      "instances": [
        {
          "schema_version": 0,
          "attributes": {
            "gateway_id": "",
            "id": "rtbassoc-072ce905487e4ccdb",
            "route_table_id": "rtb-055ae9ab577fd96d7",
            "subnet_id": "subnet-0dff735e1490361b4",
            "timeouts": null
          },
          "sensitive_attributes": [],
          "private": "eyJlMmJmYjczMC1lY2FhLTExZTYtOGY4OC0zNDM2M2JjN2M0YzAiOnsiY3JlYXRlIjozMDAwMDAwMDAwMDAsImRlbGV0ZSI6MzAwMDAwMDAwMDAwLCJ1cGRhdGUiOjEyMDAwMDAwMDAwMH19",
          "dependencies": [
            "aws_internet_gateway.internet-gateway",
            "aws_route_table.public-route-table",
            "aws_subnet.private-subnet-2",
            "aws_vpc.vpc"
          ]
        }
      ]
    },
    {
      "mode": "managed",
      "type": "aws_route_table_association",
      "name": "public-subnet-route-table-association1",
      "provider": "provider[\"registry.terraform.io/hashicorp/aws\"]",
      "instances": [
        {
          "schema_version": 0,
          "attributes": {
            "gateway_id": "",
            "id": "rtbassoc-03ad4440205ea096e",
            "route_table_id": "rtb-055ae9ab577fd96d7",
            "subnet_id": "subnet-052f6b1f8a85abba0",
            "timeouts": null
          },
          "sensitive_attributes": [],
          "private": "eyJlMmJmYjczMC1lY2FhLTExZTYtOGY4OC0zNDM2M2JjN2M0YzAiOnsiY3JlYXRlIjozMDAwMDAwMDAwMDAsImRlbGV0ZSI6MzAwMDAwMDAwMDAwLCJ1cGRhdGUiOjEyMDAwMDAwMDAwMH19",
          "dependencies": [
            "aws_internet_gateway.internet-gateway",
            "aws_route_table.public-route-table",
            "aws_subnet.public-subnet-1",
            "aws_vpc.vpc"
          ]
        }
      ]
    },
    {
      "mode": "managed",
      "type": "aws_route_table_association",
      "name": "public-subnet-route-table-association2",
      "provider": "provider[\"registry.terraform.io/hashicorp/aws\"]",
      "instances": [
        {
          "schema_version": 0,
          "attributes": {
            "gateway_id": "",
            "id": "rtbassoc-07eab274e86e430d1",
            "route_table_id": "rtb-055ae9ab577fd96d7",
            "subnet_id": "subnet-0d560220e196d10d5",
            "timeouts": null
          },
          "sensitive_attributes": [],
          "private": "eyJlMmJmYjczMC1lY2FhLTExZTYtOGY4OC0zNDM2M2JjN2M0YzAiOnsiY3JlYXRlIjozMDAwMDAwMDAwMDAsImRlbGV0ZSI6MzAwMDAwMDAwMDAwLCJ1cGRhdGUiOjEyMDAwMDAwMDAwMH19",
          "dependencies": [
            "aws_internet_gateway.internet-gateway",
            "aws_route_table.public-route-table",
            "aws_subnet.public-subnet-2",
            "aws_vpc.vpc"
          ]
        }
      ]
    },
    {
      "mode": "managed",
      "type": "aws_security_group",
      "name": "private-ssh-security-group",
      "provider": "provider[\"registry.terraform.io/hashicorp/aws\"]",
      "instances": [
        {
          "schema_version": 1,
          "attributes": {
            "arn": "arn:aws:ec2:us-east-1:643361761323:security-group/sg-0160e769c50819933",
            "description": "Enable SSH access on Port 22",
            "egress": [
              {
                "cidr_blocks": [
                  "0.0.0.0/0"
                ],
                "description": "",
                "from_port": 0,
                "ipv6_cidr_blocks": [],
                "prefix_list_ids": [],
                "protocol": "-1",
                "security_groups": [],
                "self": false,
                "to_port": 0
              }
            ],
            "id": "sg-0160e769c50819933",
            "ingress": [
              {
                "cidr_blocks": [
                  "192.168.10.0/24"
                ],
                "description": "HTTP",
                "from_port": 80,
                "ipv6_cidr_blocks": [],
                "prefix_list_ids": [],
                "protocol": "tcp",
                "security_groups": [],
                "self": false,
                "to_port": 80
              },
              {
                "cidr_blocks": [
                  "192.168.10.0/24"
                ],
                "description": "ICMP",
                "from_port": 0,
                "ipv6_cidr_blocks": [],
                "prefix_list_ids": [],
                "protocol": "icmp",
                "security_groups": [],
                "self": false,
                "to_port": 0
              },
              {
                "cidr_blocks": [
                  "192.168.10.0/24"
                ],
                "description": "SSH Access",
                "from_port": 22,
                "ipv6_cidr_blocks": [],
                "prefix_list_ids": [],
                "protocol": "tcp",
                "security_groups": [],
                "self": false,
                "to_port": 22
              }
            ],
            "name": "Private SSH Security Group",
            "name_prefix": "",
            "owner_id": "643361761323",
            "revoke_rules_on_delete": false,
            "tags": {
              "Name": "Private Security Group"
            },
            "tags_all": {
              "Name": "Private Security Group"
            },
            "timeouts": null,
            "vpc_id": "vpc-06c1e85a2099d9892"
          },
          "sensitive_attributes": [],
          "private": "eyJlMmJmYjczMC1lY2FhLTExZTYtOGY4OC0zNDM2M2JjN2M0YzAiOnsiY3JlYXRlIjo2MDAwMDAwMDAwMDAsImRlbGV0ZSI6OTAwMDAwMDAwMDAwfSwic2NoZW1hX3ZlcnNpb24iOiIxIn0=",
          "dependencies": [
            "aws_vpc.vpc"
          ]
        }
      ]
    },
    {
      "mode": "managed",
      "type": "aws_security_group",
      "name": "ssh-security-group",
      "provider": "provider[\"registry.terraform.io/hashicorp/aws\"]",
      "instances": [
        {
          "schema_version": 1,
          "attributes": {
            "arn": "arn:aws:ec2:us-east-1:643361761323:security-group/sg-03a69c5b9ae808ca2",
            "description": "Enable SSH access on Port 22",
            "egress": [
              {
                "cidr_blocks": [
                  "0.0.0.0/0"
                ],
                "description": "",
                "from_port": 0,
                "ipv6_cidr_blocks": [],
                "prefix_list_ids": [],
                "protocol": "-1",
                "security_groups": [],
                "self": false,
                "to_port": 0
              }
            ],
            "id": "sg-03a69c5b9ae808ca2",
            "ingress": [
              {
                "cidr_blocks": [
                  "0.0.0.0/0"
                ],
                "description": "SSH Access",
                "from_port": 22,
                "ipv6_cidr_blocks": [],
                "prefix_list_ids": [],
                "protocol": "tcp",
                "security_groups": [],
                "self": false,
                "to_port": 22
              }
            ],
            "name": "SSH Security Group",
            "name_prefix": "",
            "owner_id": "643361761323",
            "revoke_rules_on_delete": false,
            "tags": {
              "Name": "PUBLIC Security Group"
            },
            "tags_all": {
              "Name": "PUBLIC Security Group"
            },
            "timeouts": null,
            "vpc_id": "vpc-06c1e85a2099d9892"
          },
          "sensitive_attributes": [],
          "private": "eyJlMmJmYjczMC1lY2FhLTExZTYtOGY4OC0zNDM2M2JjN2M0YzAiOnsiY3JlYXRlIjo2MDAwMDAwMDAwMDAsImRlbGV0ZSI6OTAwMDAwMDAwMDAwfSwic2NoZW1hX3ZlcnNpb24iOiIxIn0=",
          "dependencies": [
            "aws_vpc.vpc"
          ]
        }
      ]
    },
    {
      "mode": "managed",
      "type": "aws_security_group",
      "name": "webserver-security-group",
      "provider": "provider[\"registry.terraform.io/hashicorp/aws\"]",
      "instances": [
        {
          "schema_version": 1,
          "attributes": {
            "arn": "arn:aws:ec2:us-east-1:643361761323:security-group/sg-0289d2abeeff12261",
            "description": "Enable HTTP/HTTPS access on Port 80/443 via ALB and SSH access on Port 22 via SSH SG",
            "egress": [
              {
                "cidr_blocks": [
                  "0.0.0.0/0"
                ],
                "description": "",
                "from_port": 0,
                "ipv6_cidr_blocks": [],
                "prefix_list_ids": [],
                "protocol": "-1",
                "security_groups": [],
                "self": false,
                "to_port": 0
              }
            ],
            "id": "sg-0289d2abeeff12261",
            "ingress": [
              {
                "cidr_blocks": [],
                "description": "SSH Access",
                "from_port": 22,
                "ipv6_cidr_blocks": [],
                "prefix_list_ids": [],
                "protocol": "tcp",
                "security_groups": [
                  "sg-03a69c5b9ae808ca2"
                ],
                "self": false,
                "to_port": 22
              }
            ],
            "name": "Web Server Security Group",
            "name_prefix": "",
            "owner_id": "643361761323",
            "revoke_rules_on_delete": false,
            "tags": {
              "Name": "Web Server Security Group"
            },
            "tags_all": {
              "Name": "Web Server Security Group"
            },
            "timeouts": null,
            "vpc_id": "vpc-06c1e85a2099d9892"
          },
          "sensitive_attributes": [],
          "private": "eyJlMmJmYjczMC1lY2FhLTExZTYtOGY4OC0zNDM2M2JjN2M0YzAiOnsiY3JlYXRlIjo2MDAwMDAwMDAwMDAsImRlbGV0ZSI6OTAwMDAwMDAwMDAwfSwic2NoZW1hX3ZlcnNpb24iOiIxIn0=",
          "dependencies": [
            "aws_security_group.ssh-security-group",
            "aws_vpc.vpc"
          ]
        }
      ]
    },
    {
      "mode": "managed",
      "type": "aws_subnet",
      "name": "private-subnet-1",
      "provider": "provider[\"registry.terraform.io/hashicorp/aws\"]",
      "instances": [
        {
          "schema_version": 1,
          "attributes": {
            "arn": "arn:aws:ec2:us-east-1:643361761323:subnet/subnet-08f9ce3e33d96148c",
            "assign_ipv6_address_on_creation": false,
            "availability_zone": "us-east-1a",
            "availability_zone_id": "use1-az4",
            "cidr_block": "192.168.10.64/27",
            "customer_owned_ipv4_pool": "",
            "enable_dns64": false,
            "enable_lni_at_device_index": 0,
            "enable_resource_name_dns_a_record_on_launch": false,
            "enable_resource_name_dns_aaaa_record_on_launch": false,
            "id": "subnet-08f9ce3e33d96148c",
            "ipv6_cidr_block": "",
            "ipv6_cidr_block_association_id": "",
            "ipv6_native": false,
            "map_customer_owned_ip_on_launch": false,
            "map_public_ip_on_launch": false,
            "outpost_arn": "",
            "owner_id": "643361761323",
            "private_dns_hostname_type_on_launch": "ip-name",
            "tags": {
              "Name": "private-subnet-1"
            },
            "tags_all": {
              "Name": "private-subnet-1"
            },
            "timeouts": null,
            "vpc_id": "vpc-06c1e85a2099d9892"
          },
          "sensitive_attributes": [],
          "private": "eyJlMmJmYjczMC1lY2FhLTExZTYtOGY4OC0zNDM2M2JjN2M0YzAiOnsiY3JlYXRlIjo2MDAwMDAwMDAwMDAsImRlbGV0ZSI6MTIwMDAwMDAwMDAwMH0sInNjaGVtYV92ZXJzaW9uIjoiMSJ9",
          "dependencies": [
            "aws_vpc.vpc"
          ]
        }
      ]
    },
    {
      "mode": "managed",
      "type": "aws_subnet",
      "name": "private-subnet-2",
      "provider": "provider[\"registry.terraform.io/hashicorp/aws\"]",
      "instances": [
        {
          "schema_version": 1,
          "attributes": {
            "arn": "arn:aws:ec2:us-east-1:643361761323:subnet/subnet-0dff735e1490361b4",
            "assign_ipv6_address_on_creation": false,
            "availability_zone": "us-east-1d",
            "availability_zone_id": "use1-az2",
            "cidr_block": "192.168.10.96/27",
            "customer_owned_ipv4_pool": "",
            "enable_dns64": false,
            "enable_lni_at_device_index": 0,
            "enable_resource_name_dns_a_record_on_launch": false,
            "enable_resource_name_dns_aaaa_record_on_launch": false,
            "id": "subnet-0dff735e1490361b4",
            "ipv6_cidr_block": "",
            "ipv6_cidr_block_association_id": "",
            "ipv6_native": false,
            "map_customer_owned_ip_on_launch": false,
            "map_public_ip_on_launch": false,
            "outpost_arn": "",
            "owner_id": "643361761323",
            "private_dns_hostname_type_on_launch": "ip-name",
            "tags": {
              "Name": "private-subnet-1d"
            },
            "tags_all": {
              "Name": "private-subnet-1d"
            },
            "timeouts": null,
            "vpc_id": "vpc-06c1e85a2099d9892"
          },
          "sensitive_attributes": [],
          "private": "eyJlMmJmYjczMC1lY2FhLTExZTYtOGY4OC0zNDM2M2JjN2M0YzAiOnsiY3JlYXRlIjo2MDAwMDAwMDAwMDAsImRlbGV0ZSI6MTIwMDAwMDAwMDAwMH0sInNjaGVtYV92ZXJzaW9uIjoiMSJ9",
          "dependencies": [
            "aws_vpc.vpc"
          ]
        }
      ]
    },
    {
      "mode": "managed",
      "type": "aws_subnet",
      "name": "public-subnet-1",
      "provider": "provider[\"registry.terraform.io/hashicorp/aws\"]",
      "instances": [
        {
          "schema_version": 1,
          "attributes": {
            "arn": "arn:aws:ec2:us-east-1:643361761323:subnet/subnet-052f6b1f8a85abba0",
            "assign_ipv6_address_on_creation": false,
            "availability_zone": "us-east-1a",
            "availability_zone_id": "use1-az4",
            "cidr_block": "192.168.10.0/26",
            "customer_owned_ipv4_pool": "",
            "enable_dns64": false,
            "enable_lni_at_device_index": 0,
            "enable_resource_name_dns_a_record_on_launch": false,
            "enable_resource_name_dns_aaaa_record_on_launch": false,
            "id": "subnet-052f6b1f8a85abba0",
            "ipv6_cidr_block": "",
            "ipv6_cidr_block_association_id": "",
            "ipv6_native": false,
            "map_customer_owned_ip_on_launch": false,
            "map_public_ip_on_launch": true,
            "outpost_arn": "",
            "owner_id": "643361761323",
            "private_dns_hostname_type_on_launch": "ip-name",
            "tags": {
              "Name": "public-subnet-1a"
            },
            "tags_all": {
              "Name": "public-subnet-1a"
            },
            "timeouts": null,
            "vpc_id": "vpc-06c1e85a2099d9892"
          },
          "sensitive_attributes": [],
          "private": "eyJlMmJmYjczMC1lY2FhLTExZTYtOGY4OC0zNDM2M2JjN2M0YzAiOnsiY3JlYXRlIjo2MDAwMDAwMDAwMDAsImRlbGV0ZSI6MTIwMDAwMDAwMDAwMH0sInNjaGVtYV92ZXJzaW9uIjoiMSJ9",
          "dependencies": [
            "aws_vpc.vpc"
          ]
        }
      ]
    },
    {
      "mode": "managed",
      "type": "aws_subnet",
      "name": "public-subnet-2",
      "provider": "provider[\"registry.terraform.io/hashicorp/aws\"]",
      "instances": [
        {
          "schema_version": 1,
          "attributes": {
            "arn": "arn:aws:ec2:us-east-1:643361761323:subnet/subnet-0d560220e196d10d5",
            "assign_ipv6_address_on_creation": false,
            "availability_zone": "us-east-1d",
            "availability_zone_id": "use1-az2",
            "cidr_block": "192.168.10.128/26",
            "customer_owned_ipv4_pool": "",
            "enable_dns64": false,
            "enable_lni_at_device_index": 0,
            "enable_resource_name_dns_a_record_on_launch": false,
            "enable_resource_name_dns_aaaa_record_on_launch": false,
            "id": "subnet-0d560220e196d10d5",
            "ipv6_cidr_block": "",
            "ipv6_cidr_block_association_id": "",
            "ipv6_native": false,
            "map_customer_owned_ip_on_launch": false,
            "map_public_ip_on_launch": true,
            "outpost_arn": "",
            "owner_id": "643361761323",
            "private_dns_hostname_type_on_launch": "ip-name",
            "tags": {
              "Name": "public-subnet-1d"
            },
            "tags_all": {
              "Name": "public-subnet-1d"
            },
            "timeouts": null,
            "vpc_id": "vpc-06c1e85a2099d9892"
          },
          "sensitive_attributes": [],
          "private": "eyJlMmJmYjczMC1lY2FhLTExZTYtOGY4OC0zNDM2M2JjN2M0YzAiOnsiY3JlYXRlIjo2MDAwMDAwMDAwMDAsImRlbGV0ZSI6MTIwMDAwMDAwMDAwMH0sInNjaGVtYV92ZXJzaW9uIjoiMSJ9",
          "dependencies": [
            "aws_vpc.vpc"
          ]
        }
      ]
    },
    {
      "mode": "managed",
      "type": "aws_vpc",
      "name": "vpc",
      "provider": "provider[\"registry.terraform.io/hashicorp/aws\"]",
      "instances": [
        {
          "schema_version": 1,
          "attributes": {
            "arn": "arn:aws:ec2:us-east-1:643361761323:vpc/vpc-06c1e85a2099d9892",
            "assign_generated_ipv6_cidr_block": false,
            "cidr_block": "192.168.10.0/24",
            "default_network_acl_id": "acl-0e89bf8f70f038da5",
            "default_route_table_id": "rtb-0b3c130cbb76d7c9c",
            "default_security_group_id": "sg-04e0fcdf23ea5fc1c",
            "dhcp_options_id": "dopt-b51a80cf",
            "enable_classiclink": false,
            "enable_classiclink_dns_support": false,
            "enable_dns_hostnames": true,
            "enable_dns_support": true,
            "enable_network_address_usage_metrics": false,
            "id": "vpc-06c1e85a2099d9892",
            "instance_tenancy": "default",
            "ipv4_ipam_pool_id": null,
            "ipv4_netmask_length": null,
            "ipv6_association_id": "",
            "ipv6_cidr_block": "",
            "ipv6_cidr_block_network_border_group": "",
            "ipv6_ipam_pool_id": "",
            "ipv6_netmask_length": 0,
            "main_route_table_id": "rtb-0b3c130cbb76d7c9c",
            "owner_id": "643361761323",
            "tags": {
              "Name": "MY_VPC01"
            },
            "tags_all": {
              "Name": "MY_VPC01"
            }
          },
          "sensitive_attributes": [],
          "private": "eyJzY2hlbWFfdmVyc2lvbiI6IjEifQ=="
        }
      ]
    },
    {
      "mode": "managed",
      "type": "local_file",
      "name": "private_key",
      "provider": "provider[\"registry.terraform.io/hashicorp/local\"]",
      "instances": [
        {
          "schema_version": 0,
          "attributes": {
            "content": null,
            "content_base64": null,
            "content_base64sha256": "Z9m2JboFnptTyQiPA0bKufcJZADyZg+GwJ062Ck3y1U=",
            "content_base64sha512": "wlYD0jLtGX7GanIfnXw9oQwV6DOQPQYx4UscLCk+YOfrQVVSv1zF4OvMA2NpKrA+qvEJU1ZqxUHX78JYr+0q7A==",
            "content_md5": "21499b32ef362bea41b2f722c3ad35ad",
            "content_sha1": "40c02cdc189a3e5401d3af02eb5ee2934bf99e78",
            "content_sha256": "67d9b625ba059e9b53c9088f0346cab9f7096400f2660f86c09d3ad82937cb55",
            "content_sha512": "c25603d232ed197ec66a721f9d7c3da10c15e833903d0631e14b1c2c293e60e7eb415552bf5cc5e0ebcc0363692ab03eaaf10953566ac541d7efc258afed2aec",
            "directory_permission": "0777",
            "file_permission": "0400",
            "filename": "key01.pem",
            "id": "40c02cdc189a3e5401d3af02eb5ee2934bf99e78",
            "sensitive_content": "-----BEGIN RSA PRIVATE KEY-----\nMIIEpAIBAAKCAQEAq1+IOdnHpVUWlSS/ZiwW+2tg+j38IMohGw7BQprwBwBMzOfY\noeNvwJM5D4njC/4x1ith1n14SE8IAYQxNEKYjihhxxV38i7RMfahIX7bIVNgzOe9\nNFjxLAqfpHlaLwX/bcXlo8Nr3LiXWwj3n08f6OHDMkmtrQ3AfzOZ8ma9A1079l7o\nVubCiR2kCJ7OTyTbkf5jvfu45HI9UorncCnVhWMikoZLiqKrKQhkLk8g455VGYRn\noz5dBNGz0cBhSE7XEJ5LXv8dRpmNfZTTIMCL7HJGOdWamfhO0bBuly9tyber4X9p\nvQzKv7r4zW9umHV4q/lSJpisr0m3WOemVOGljwIDAQABAoIBAQCjDsnaaYnZmSVc\nkVOADtFrNddXIyVDua9YRGjETBG4R6PLj4oDNxk8vZgcXdFnttyKcEquQEHzYyc1\n8iazF+55zJiESbwP9lXb2VOlQEOV6PSA4rqXFU2b3xvY7hJODcHlG9gNQsLdh9GT\nr+uUbD/rYOxOa+ZRc3VGUr3W88RCbqQgjhjJh5gssTrg6EuzCZs8yikPvZd3oBtg\npAK38y+MkBP/4/1x8DW6PaQj1cNYDQjyt1SmNFNtH5dD+2kTG6grmfKpgmg1fdKI\nCDKOmt67nmpCMWaxvovUETCpVe2qk24rotqjsqD8LxpG8w14BjzAJ0ztuDhD4Z8Y\nVyXQkVxxAoGBAM7GnKQRJo7KEk87WY77QAWmvcT44wXLfslNJmSmlR2r0IyMWour\nH8vTa+A2HEemjrm87WbF49Xd39/Qv2AwjMqjiPgPCKFYBX08hnSq+/SNzgK9QYQW\nrIsrDHwgG90N4mPj65B3B8eHxHTAqLH7D0P1WLlHUdnfltjimuq5RJQJAoGBANQr\nZvDZKmn6Mnx0jFJRYVBp/yCh0fzJ00y80vgYV+Hk7f2EX/TXVruKsEG8Ojmpo4tz\nQB+g1xlyKu2vVi/UoLH3gR2VTGxn4E392ybbfmRL7b0EHpJPduF/rRIHg5jxQ7FU\nnrbt/I17FfUGqG3WDP8j+Fyma6L4g9Zz4GYq50LXAoGAXJ4zzX1tIuo6N0kjPVsm\n+yELwW2l6pOSz8IB33WKN0cdW8cGS6czz818dWpnUmS1a1bHk5AyFDqUq6DKB+DX\nP3DuygWZ3QMbOlRg+WMZBhp6W1nAPdUWJiP7LKIJOQOeExYlDolyb5pNkeo15brJ\nxKvhuOPMMuXmoHEn6NlhcVkCgYEAtC/wCtfEB6Duw3ePvFFU3iBHBgWn+pHFG8S5\nPu4dpMDxxX5op91B0aBlNE6Q/Guvczz71mCYjQnCn31rKs/fcYULaH5lGyPVASd4\nuTVrz+4UB5S6CfPmuHfgGhG7l2Y+4RlGeYEAHX/NE/0FidJh00VPJhBIFW4NOVHL\n37jMEp0CgYBsS4ZJeJH8p3H3ezNjDeJBQfW3lIBqi6oSVJnObxlAPIrRDq+ioDbO\nwxTyYYbElOIl7zX8Qqyd3O5Vs0o5VUPJwPps6Uu0e+0VKM1EUBngm0bsc6p2iOUm\nqvcMIjO1uoAdTREbk7j4F6TsXOvDKVgtXoEeKMX+9aMpjKWHf71bOw==\n-----END RSA PRIVATE KEY-----\n",
            "source": null
          },
          "sensitive_attributes": [
            [
              {
                "type": "get_attr",
                "value": "sensitive_content"
              }
            ]
          ],
          "dependencies": [
            "tls_private_key.key"
          ]
        }
      ]
    },
    {
      "mode": "managed",
      "type": "tls_private_key",
      "name": "key",
      "provider": "provider[\"registry.terraform.io/hashicorp/tls\"]",
      "instances": [
        {
          "schema_version": 1,
          "attributes": {
            "algorithm": "RSA",
            "ecdsa_curve": "P224",
            "id": "7dceaddd124c8014745029dea5d5fca4c40e256e",
            "private_key_openssh": "-----BEGIN OPENSSH PRIVATE KEY-----\nb3BlbnNzaC1rZXktdjEAAAAABG5vbmUAAAAEbm9uZQAAAAAAAAABAAABFwAAAAdz\nc2gtcnNhAAAAAwEAAQAAAQEAq1+IOdnHpVUWlSS/ZiwW+2tg+j38IMohGw7BQprw\nBwBMzOfYoeNvwJM5D4njC/4x1ith1n14SE8IAYQxNEKYjihhxxV38i7RMfahIX7b\nIVNgzOe9NFjxLAqfpHlaLwX/bcXlo8Nr3LiXWwj3n08f6OHDMkmtrQ3AfzOZ8ma9\nA1079l7oVubCiR2kCJ7OTyTbkf5jvfu45HI9UorncCnVhWMikoZLiqKrKQhkLk8g\n455VGYRnoz5dBNGz0cBhSE7XEJ5LXv8dRpmNfZTTIMCL7HJGOdWamfhO0bBuly9t\nyber4X9pvQzKv7r4zW9umHV4q/lSJpisr0m3WOemVOGljwAAA7hB5oVOQeaFTgAA\nAAdzc2gtcnNhAAABAQCrX4g52celVRaVJL9mLBb7a2D6PfwgyiEbDsFCmvAHAEzM\n59ih42/AkzkPieML/jHWK2HWfXhITwgBhDE0QpiOKGHHFXfyLtEx9qEhftshU2DM\n5700WPEsCp+keVovBf9txeWjw2vcuJdbCPefTx/o4cMySa2tDcB/M5nyZr0DXTv2\nXuhW5sKJHaQIns5PJNuR/mO9+7jkcj1SiudwKdWFYyKShkuKoqspCGQuTyDjnlUZ\nhGejPl0E0bPRwGFITtcQnkte/x1GmY19lNMgwIvsckY51ZqZ+E7RsG6XL23Jt6vh\nf2m9DMq/uvjNb26YdXir+VImmKyvSbdY56ZU4aWPAAAAAwEAAQAAAQEAow7J2mmJ\n2ZklXJFTgA7RazXXVyMlQ7mvWERoxEwRuEejy4+KAzcZPL2YHF3RZ7bcinBKrkBB\n82MnNfImsxfuecyYhEm8D/ZV29lTpUBDlej0gOK6lxVNm98b2O4STg3B5RvYDULC\n3YfRk6/rlGw/62DsTmvmUXN1RlK91vPEQm6kII4YyYeYLLE64OhLswmbPMopD72X\nd6AbYKQCt/MvjJAT/+P9cfA1uj2kI9XDWA0I8rdUpjRTbR+XQ/tpExuoK5nyqYJo\nNX3SiAgyjpreu55qQjFmsb6L1BEwqVXtqpNuK6Lao7Kg/C8aRvMNeAY8wCdM7bg4\nQ+GfGFcl0JFccQAAAIBsS4ZJeJH8p3H3ezNjDeJBQfW3lIBqi6oSVJnObxlAPIrR\nDq+ioDbOwxTyYYbElOIl7zX8Qqyd3O5Vs0o5VUPJwPps6Uu0e+0VKM1EUBngm0bs\nc6p2iOUmqvcMIjO1uoAdTREbk7j4F6TsXOvDKVgtXoEeKMX+9aMpjKWHf71bOwAA\nAIEAzsacpBEmjsoSTztZjvtABaa9xPjjBct+yU0mZKaVHavQjIxai6sfy9Nr4DYc\nR6aOubztZsXj1d3f39C/YDCMyqOI+A8IoVgFfTyGdKr79I3OAr1BhBasiysMfCAb\n3Q3iY+PrkHcHx4fEdMCosfsPQ/VYuUdR2d+W2OKa6rlElAkAAACBANQrZvDZKmn6\nMnx0jFJRYVBp/yCh0fzJ00y80vgYV+Hk7f2EX/TXVruKsEG8Ojmpo4tzQB+g1xly\nKu2vVi/UoLH3gR2VTGxn4E392ybbfmRL7b0EHpJPduF/rRIHg5jxQ7FUnrbt/I17\nFfUGqG3WDP8j+Fyma6L4g9Zz4GYq50LXAAAAAAEC\n-----END OPENSSH PRIVATE KEY-----\n",
            "private_key_pem": "-----BEGIN RSA PRIVATE KEY-----\nMIIEpAIBAAKCAQEAq1+IOdnHpVUWlSS/ZiwW+2tg+j38IMohGw7BQprwBwBMzOfY\noeNvwJM5D4njC/4x1ith1n14SE8IAYQxNEKYjihhxxV38i7RMfahIX7bIVNgzOe9\nNFjxLAqfpHlaLwX/bcXlo8Nr3LiXWwj3n08f6OHDMkmtrQ3AfzOZ8ma9A1079l7o\nVubCiR2kCJ7OTyTbkf5jvfu45HI9UorncCnVhWMikoZLiqKrKQhkLk8g455VGYRn\noz5dBNGz0cBhSE7XEJ5LXv8dRpmNfZTTIMCL7HJGOdWamfhO0bBuly9tyber4X9p\nvQzKv7r4zW9umHV4q/lSJpisr0m3WOemVOGljwIDAQABAoIBAQCjDsnaaYnZmSVc\nkVOADtFrNddXIyVDua9YRGjETBG4R6PLj4oDNxk8vZgcXdFnttyKcEquQEHzYyc1\n8iazF+55zJiESbwP9lXb2VOlQEOV6PSA4rqXFU2b3xvY7hJODcHlG9gNQsLdh9GT\nr+uUbD/rYOxOa+ZRc3VGUr3W88RCbqQgjhjJh5gssTrg6EuzCZs8yikPvZd3oBtg\npAK38y+MkBP/4/1x8DW6PaQj1cNYDQjyt1SmNFNtH5dD+2kTG6grmfKpgmg1fdKI\nCDKOmt67nmpCMWaxvovUETCpVe2qk24rotqjsqD8LxpG8w14BjzAJ0ztuDhD4Z8Y\nVyXQkVxxAoGBAM7GnKQRJo7KEk87WY77QAWmvcT44wXLfslNJmSmlR2r0IyMWour\nH8vTa+A2HEemjrm87WbF49Xd39/Qv2AwjMqjiPgPCKFYBX08hnSq+/SNzgK9QYQW\nrIsrDHwgG90N4mPj65B3B8eHxHTAqLH7D0P1WLlHUdnfltjimuq5RJQJAoGBANQr\nZvDZKmn6Mnx0jFJRYVBp/yCh0fzJ00y80vgYV+Hk7f2EX/TXVruKsEG8Ojmpo4tz\nQB+g1xlyKu2vVi/UoLH3gR2VTGxn4E392ybbfmRL7b0EHpJPduF/rRIHg5jxQ7FU\nnrbt/I17FfUGqG3WDP8j+Fyma6L4g9Zz4GYq50LXAoGAXJ4zzX1tIuo6N0kjPVsm\n+yELwW2l6pOSz8IB33WKN0cdW8cGS6czz818dWpnUmS1a1bHk5AyFDqUq6DKB+DX\nP3DuygWZ3QMbOlRg+WMZBhp6W1nAPdUWJiP7LKIJOQOeExYlDolyb5pNkeo15brJ\nxKvhuOPMMuXmoHEn6NlhcVkCgYEAtC/wCtfEB6Duw3ePvFFU3iBHBgWn+pHFG8S5\nPu4dpMDxxX5op91B0aBlNE6Q/Guvczz71mCYjQnCn31rKs/fcYULaH5lGyPVASd4\nuTVrz+4UB5S6CfPmuHfgGhG7l2Y+4RlGeYEAHX/NE/0FidJh00VPJhBIFW4NOVHL\n37jMEp0CgYBsS4ZJeJH8p3H3ezNjDeJBQfW3lIBqi6oSVJnObxlAPIrRDq+ioDbO\nwxTyYYbElOIl7zX8Qqyd3O5Vs0o5VUPJwPps6Uu0e+0VKM1EUBngm0bsc6p2iOUm\nqvcMIjO1uoAdTREbk7j4F6TsXOvDKVgtXoEeKMX+9aMpjKWHf71bOw==\n-----END RSA PRIVATE KEY-----\n",
            "private_key_pem_pkcs8": "-----BEGIN PRIVATE KEY-----\nMIIEvgIBADANBgkqhkiG9w0BAQEFAASCBKgwggSkAgEAAoIBAQCrX4g52celVRaV\nJL9mLBb7a2D6PfwgyiEbDsFCmvAHAEzM59ih42/AkzkPieML/jHWK2HWfXhITwgB\nhDE0QpiOKGHHFXfyLtEx9qEhftshU2DM5700WPEsCp+keVovBf9txeWjw2vcuJdb\nCPefTx/o4cMySa2tDcB/M5nyZr0DXTv2XuhW5sKJHaQIns5PJNuR/mO9+7jkcj1S\niudwKdWFYyKShkuKoqspCGQuTyDjnlUZhGejPl0E0bPRwGFITtcQnkte/x1GmY19\nlNMgwIvsckY51ZqZ+E7RsG6XL23Jt6vhf2m9DMq/uvjNb26YdXir+VImmKyvSbdY\n56ZU4aWPAgMBAAECggEBAKMOydppidmZJVyRU4AO0Ws111cjJUO5r1hEaMRMEbhH\no8uPigM3GTy9mBxd0We23IpwSq5AQfNjJzXyJrMX7nnMmIRJvA/2VdvZU6VAQ5Xo\n9IDiupcVTZvfG9juEk4NweUb2A1Cwt2H0ZOv65RsP+tg7E5r5lFzdUZSvdbzxEJu\npCCOGMmHmCyxOuDoS7MJmzzKKQ+9l3egG2CkArfzL4yQE//j/XHwNbo9pCPVw1gN\nCPK3VKY0U20fl0P7aRMbqCuZ8qmCaDV90ogIMo6a3rueakIxZrG+i9QRMKlV7aqT\nbiui2qOyoPwvGkbzDXgGPMAnTO24OEPhnxhXJdCRXHECgYEAzsacpBEmjsoSTztZ\njvtABaa9xPjjBct+yU0mZKaVHavQjIxai6sfy9Nr4DYcR6aOubztZsXj1d3f39C/\nYDCMyqOI+A8IoVgFfTyGdKr79I3OAr1BhBasiysMfCAb3Q3iY+PrkHcHx4fEdMCo\nsfsPQ/VYuUdR2d+W2OKa6rlElAkCgYEA1Ctm8NkqafoyfHSMUlFhUGn/IKHR/MnT\nTLzS+BhX4eTt/YRf9NdWu4qwQbw6Oamji3NAH6DXGXIq7a9WL9SgsfeBHZVMbGfg\nTf3bJtt+ZEvtvQQekk924X+tEgeDmPFDsVSetu38jXsV9QaobdYM/yP4XKZroviD\n1nPgZirnQtcCgYBcnjPNfW0i6jo3SSM9Wyb7IQvBbaXqk5LPwgHfdYo3Rx1bxwZL\npzPPzXx1amdSZLVrVseTkDIUOpSroMoH4Nc/cO7KBZndAxs6VGD5YxkGGnpbWcA9\n1RYmI/ssogk5A54TFiUOiXJvmk2R6jXlusnEq+G448wy5eagcSfo2WFxWQKBgQC0\nL/AK18QHoO7Dd4+8UVTeIEcGBaf6kcUbxLk+7h2kwPHFfmin3UHRoGU0TpD8a69z\nPPvWYJiNCcKffWsqz99xhQtofmUbI9UBJ3i5NWvP7hQHlLoJ8+a4d+AaEbuXZj7h\nGUZ5gQAdf80T/QWJ0mHTRU8mEEgVbg05UcvfuMwSnQKBgGxLhkl4kfyncfd7M2MN\n4kFB9beUgGqLqhJUmc5vGUA8itEOr6KgNs7DFPJhhsSU4iXvNfxCrJ3c7lWzSjlV\nQ8nA+mzpS7R77RUozURQGeCbRuxzqnaI5Saq9wwiM7W6gB1NERuTuPgXpOxc68Mp\nWC1egR4oxf71oymMpYd/vVs7\n-----END PRIVATE KEY-----\n",
            "public_key_fingerprint_md5": "30:51:45:10:aa:c2:bc:26:f6:91:09:be:98:d5:94:3d",
            "public_key_fingerprint_sha256": "SHA256:3uBr4AW2W/bLrnqOjeOanoRnopagHftt4uc4UIXKj7A",
            "public_key_openssh": "ssh-rsa AAAAB3NzaC1yc2EAAAADAQABAAABAQCrX4g52celVRaVJL9mLBb7a2D6PfwgyiEbDsFCmvAHAEzM59ih42/AkzkPieML/jHWK2HWfXhITwgBhDE0QpiOKGHHFXfyLtEx9qEhftshU2DM5700WPEsCp+keVovBf9txeWjw2vcuJdbCPefTx/o4cMySa2tDcB/M5nyZr0DXTv2XuhW5sKJHaQIns5PJNuR/mO9+7jkcj1SiudwKdWFYyKShkuKoqspCGQuTyDjnlUZhGejPl0E0bPRwGFITtcQnkte/x1GmY19lNMgwIvsckY51ZqZ+E7RsG6XL23Jt6vhf2m9DMq/uvjNb26YdXir+VImmKyvSbdY56ZU4aWP\n",
            "public_key_pem": "-----BEGIN PUBLIC KEY-----\nMIIBIjANBgkqhkiG9w0BAQEFAAOCAQ8AMIIBCgKCAQEAq1+IOdnHpVUWlSS/ZiwW\n+2tg+j38IMohGw7BQprwBwBMzOfYoeNvwJM5D4njC/4x1ith1n14SE8IAYQxNEKY\njihhxxV38i7RMfahIX7bIVNgzOe9NFjxLAqfpHlaLwX/bcXlo8Nr3LiXWwj3n08f\n6OHDMkmtrQ3AfzOZ8ma9A1079l7oVubCiR2kCJ7OTyTbkf5jvfu45HI9UorncCnV\nhWMikoZLiqKrKQhkLk8g455VGYRnoz5dBNGz0cBhSE7XEJ5LXv8dRpmNfZTTIMCL\n7HJGOdWamfhO0bBuly9tyber4X9pvQzKv7r4zW9umHV4q/lSJpisr0m3WOemVOGl\njwIDAQAB\n-----END PUBLIC KEY-----\n",
            "rsa_bits": 2048
          },
          "sensitive_attributes": [
            [
              {
                "type": "get_attr",
                "value": "private_key_pem"
              }
            ],
            [
              {
                "type": "get_attr",
                "value": "private_key_pem_pkcs8"
              }
            ],
            [
              {
                "type": "get_attr",
                "value": "private_key_openssh"
              }
            ]
          ]
        }
      ]
    }
  ],
  "check_results": null
}
